
Microsoft Visual Studio Solution File, Format Version 12.00
# Visual Studio Version 17
Project("{2150E333-8FDC-42A3-9474-1A3956D46DE8}") = "CMakePredefinedTargets", "CMakePredefinedTargets", "{2D1FBF80-C3A1-3FB9-97D7-E99B6CBD1522}"
EndProject
Project("{2150E333-8FDC-42A3-9474-1A3956D46DE8}") = "GLFW3", "GLFW3", "{74ABE609-DBDD-329C-9EE7-7382799F436C}"
EndProject
Project("{8BC9CEB8-8B4A-11D0-8D11-00A0C91BC942}") = "ALL_BUILD", "ALL_BUILD.vcxproj", "{E5B83BC9-6AA3-399C-8262-1AB43B88E163}"
	ProjectSection(ProjectDependencies) = postProject
		{D4029AF8-2468-3481-A28A-23DEA58CDAA2} = {D4029AF8-2468-3481-A28A-23DEA58CDAA2}
		{EC303D4D-9F34-3CD5-A617-B53E32B589CE} = {EC303D4D-9F34-3CD5-A617-B53E32B589CE}
		{AD31A0ED-7AA3-30F8-B24E-1776D9C664F0} = {AD31A0ED-7AA3-30F8-B24E-1776D9C664F0}
		{63BCD82A-E356-3E98-908A-ED92695B4D48} = {63BCD82A-E356-3E98-908A-ED92695B4D48}
		{525BFF0F-61D9-3A8A-8D0D-535DE782BDA8} = {525BFF0F-61D9-3A8A-8D0D-535DE782BDA8}
		{D59896DA-809E-320B-A0D3-4364682972E2} = {D59896DA-809E-320B-A0D3-4364682972E2}
		{CE5B326D-2B3C-301A-9C36-329E2C14F571} = {CE5B326D-2B3C-301A-9C36-329E2C14F571}
	EndProjectSection
EndProject
Project("{8BC9CEB8-8B4A-11D0-8D11-00A0C91BC942}") = "ZERO_CHECK", "ZERO_CHECK.vcxproj", "{D4029AF8-2468-3481-A28A-23DEA58CDAA2}"
	ProjectSection(ProjectDependencies) = postProject
	EndProjectSection
EndProject
Project("{8BC9CEB8-8B4A-11D0-8D11-00A0C91BC942}") = "glfw", "_deps\glfw3-build\src\glfw.vcxproj", "{EC303D4D-9F34-3CD5-A617-B53E32B589CE}"
	ProjectSection(ProjectDependencies) = postProject
		{D4029AF8-2468-3481-A28A-23DEA58CDAA2} = {D4029AF8-2468-3481-A28A-23DEA58CDAA2}
	EndProjectSection
EndProject
Project("{8BC9CEB8-8B4A-11D0-8D11-00A0C91BC942}") = "glfw3webgpu", "_deps\glfw3webgpu-build\glfw3webgpu.vcxproj", "{AD31A0ED-7AA3-30F8-B24E-1776D9C664F0}"
	ProjectSection(ProjectDependencies) = postProject
		{D4029AF8-2468-3481-A28A-23DEA58CDAA2} = {D4029AF8-2468-3481-A28A-23DEA58CDAA2}
		{EC303D4D-9F34-3CD5-A617-B53E32B589CE} = {EC303D4D-9F34-3CD5-A617-B53E32B589CE}
	EndProjectSection
EndProject
Project("{8BC9CEB8-8B4A-11D0-8D11-00A0C91BC942}") = "glm", "_deps\glm-build\glm\glm.vcxproj", "{63BCD82A-E356-3E98-908A-ED92695B4D48}"
	ProjectSection(ProjectDependencies) = postProject
		{D4029AF8-2468-3481-A28A-23DEA58CDAA2} = {D4029AF8-2468-3481-A28A-23DEA58CDAA2}
	EndProjectSection
EndProject
Project("{8BC9CEB8-8B4A-11D0-8D11-00A0C91BC942}") = "helloworld", "helloworld.vcxproj", "{525BFF0F-61D9-3A8A-8D0D-535DE782BDA8}"
	ProjectSection(ProjectDependencies) = postProject
		{D4029AF8-2468-3481-A28A-23DEA58CDAA2} = {D4029AF8-2468-3481-A28A-23DEA58CDAA2}
		{EC303D4D-9F34-3CD5-A617-B53E32B589CE} = {EC303D4D-9F34-3CD5-A617-B53E32B589CE}
		{AD31A0ED-7AA3-30F8-B24E-1776D9C664F0} = {AD31A0ED-7AA3-30F8-B24E-1776D9C664F0}
		{63BCD82A-E356-3E98-908A-ED92695B4D48} = {63BCD82A-E356-3E98-908A-ED92695B4D48}
		{D59896DA-809E-320B-A0D3-4364682972E2} = {D59896DA-809E-320B-A0D3-4364682972E2}
		{CE5B326D-2B3C-301A-9C36-329E2C14F571} = {CE5B326D-2B3C-301A-9C36-329E2C14F571}
	EndProjectSection
EndProject
Project("{8BC9CEB8-8B4A-11D0-8D11-00A0C91BC942}") = "momoengine", "momoengine.vcxproj", "{D59896DA-809E-320B-A0D3-4364682972E2}"
	ProjectSection(ProjectDependencies) = postProject
		{D4029AF8-2468-3481-A28A-23DEA58CDAA2} = {D4029AF8-2468-3481-A28A-23DEA58CDAA2}
		{EC303D4D-9F34-3CD5-A617-B53E32B589CE} = {EC303D4D-9F34-3CD5-A617-B53E32B589CE}
		{AD31A0ED-7AA3-30F8-B24E-1776D9C664F0} = {AD31A0ED-7AA3-30F8-B24E-1776D9C664F0}
		{63BCD82A-E356-3E98-908A-ED92695B4D48} = {63BCD82A-E356-3E98-908A-ED92695B4D48}
		{CE5B326D-2B3C-301A-9C36-329E2C14F571} = {CE5B326D-2B3C-301A-9C36-329E2C14F571}
	EndProjectSection
EndProject
Project("{8BC9CEB8-8B4A-11D0-8D11-00A0C91BC942}") = "run_helloworld", "run_helloworld.vcxproj", "{FC857663-D402-32DE-8AA3-1AD60F36701F}"
	ProjectSection(ProjectDependencies) = postProject
		{D4029AF8-2468-3481-A28A-23DEA58CDAA2} = {D4029AF8-2468-3481-A28A-23DEA58CDAA2}
		{525BFF0F-61D9-3A8A-8D0D-535DE782BDA8} = {525BFF0F-61D9-3A8A-8D0D-535DE782BDA8}
	EndProjectSection
EndProject
Project("{8BC9CEB8-8B4A-11D0-8D11-00A0C91BC942}") = "spdlog", "_deps\spdlog-build\spdlog.vcxproj", "{CE5B326D-2B3C-301A-9C36-329E2C14F571}"
	ProjectSection(ProjectDependencies) = postProject
		{D4029AF8-2468-3481-A28A-23DEA58CDAA2} = {D4029AF8-2468-3481-A28A-23DEA58CDAA2}
	EndProjectSection
EndProject
Project("{8BC9CEB8-8B4A-11D0-8D11-00A0C91BC942}") = "update_mappings", "_deps\glfw3-build\src\update_mappings.vcxproj", "{46BB6072-C250-3125-9342-9E464A6B8349}"
	ProjectSection(ProjectDependencies) = postProject
		{D4029AF8-2468-3481-A28A-23DEA58CDAA2} = {D4029AF8-2468-3481-A28A-23DEA58CDAA2}
	EndProjectSection
EndProject
Global
	GlobalSection(SolutionConfigurationPlatforms) = preSolution
		Debug|x64 = Debug|x64
		Release|x64 = Release|x64
		MinSizeRel|x64 = MinSizeRel|x64
		RelWithDebInfo|x64 = RelWithDebInfo|x64
	EndGlobalSection
	GlobalSection(ProjectConfigurationPlatforms) = postSolution
		{E5B83BC9-6AA3-399C-8262-1AB43B88E163}.Debug|x64.ActiveCfg = Debug|x64
		{E5B83BC9-6AA3-399C-8262-1AB43B88E163}.Release|x64.ActiveCfg = Release|x64
		{E5B83BC9-6AA3-399C-8262-1AB43B88E163}.MinSizeRel|x64.ActiveCfg = MinSizeRel|x64
		{E5B83BC9-6AA3-399C-8262-1AB43B88E163}.RelWithDebInfo|x64.ActiveCfg = RelWithDebInfo|x64
		{D4029AF8-2468-3481-A28A-23DEA58CDAA2}.Debug|x64.ActiveCfg = Debug|x64
		{D4029AF8-2468-3481-A28A-23DEA58CDAA2}.Debug|x64.Build.0 = Debug|x64
		{D4029AF8-2468-3481-A28A-23DEA58CDAA2}.Release|x64.ActiveCfg = Release|x64
		{D4029AF8-2468-3481-A28A-23DEA58CDAA2}.Release|x64.Build.0 = Release|x64
		{D4029AF8-2468-3481-A28A-23DEA58CDAA2}.MinSizeRel|x64.ActiveCfg = MinSizeRel|x64
		{D4029AF8-2468-3481-A28A-23DEA58CDAA2}.MinSizeRel|x64.Build.0 = MinSizeRel|x64
		{D4029AF8-2468-3481-A28A-23DEA58CDAA2}.RelWithDebInfo|x64.ActiveCfg = RelWithDebInfo|x64
		{D4029AF8-2468-3481-A28A-23DEA58CDAA2}.RelWithDebInfo|x64.Build.0 = RelWithDebInfo|x64
		{EC303D4D-9F34-3CD5-A617-B53E32B589CE}.Debug|x64.ActiveCfg = Debug|x64
		{EC303D4D-9F34-3CD5-A617-B53E32B589CE}.Debug|x64.Build.0 = Debug|x64
		{EC303D4D-9F34-3CD5-A617-B53E32B589CE}.Release|x64.ActiveCfg = Release|x64
		{EC303D4D-9F34-3CD5-A617-B53E32B589CE}.Release|x64.Build.0 = Release|x64
		{EC303D4D-9F34-3CD5-A617-B53E32B589CE}.MinSizeRel|x64.ActiveCfg = MinSizeRel|x64
		{EC303D4D-9F34-3CD5-A617-B53E32B589CE}.MinSizeRel|x64.Build.0 = MinSizeRel|x64
		{EC303D4D-9F34-3CD5-A617-B53E32B589CE}.RelWithDebInfo|x64.ActiveCfg = RelWithDebInfo|x64
		{EC303D4D-9F34-3CD5-A617-B53E32B589CE}.RelWithDebInfo|x64.Build.0 = RelWithDebInfo|x64
		{AD31A0ED-7AA3-30F8-B24E-1776D9C664F0}.Debug|x64.ActiveCfg = Debug|x64
		{AD31A0ED-7AA3-30F8-B24E-1776D9C664F0}.Debug|x64.Build.0 = Debug|x64
		{AD31A0ED-7AA3-30F8-B24E-1776D9C664F0}.Release|x64.ActiveCfg = Release|x64
		{AD31A0ED-7AA3-30F8-B24E-1776D9C664F0}.Release|x64.Build.0 = Release|x64
		{AD31A0ED-7AA3-30F8-B24E-1776D9C664F0}.MinSizeRel|x64.ActiveCfg = MinSizeRel|x64
		{AD31A0ED-7AA3-30F8-B24E-1776D9C664F0}.MinSizeRel|x64.Build.0 = MinSizeRel|x64
		{AD31A0ED-7AA3-30F8-B24E-1776D9C664F0}.RelWithDebInfo|x64.ActiveCfg = RelWithDebInfo|x64
		{AD31A0ED-7AA3-30F8-B24E-1776D9C664F0}.RelWithDebInfo|x64.Build.0 = RelWithDebInfo|x64
		{63BCD82A-E356-3E98-908A-ED92695B4D48}.Debug|x64.ActiveCfg = Debug|x64
		{63BCD82A-E356-3E98-908A-ED92695B4D48}.Debug|x64.Build.0 = Debug|x64
		{63BCD82A-E356-3E98-908A-ED92695B4D48}.Release|x64.ActiveCfg = Release|x64
		{63BCD82A-E356-3E98-908A-ED92695B4D48}.Release|x64.Build.0 = Release|x64
		{63BCD82A-E356-3E98-908A-ED92695B4D48}.MinSizeRel|x64.ActiveCfg = MinSizeRel|x64
		{63BCD82A-E356-3E98-908A-ED92695B4D48}.MinSizeRel|x64.Build.0 = MinSizeRel|x64
		{63BCD82A-E356-3E98-908A-ED92695B4D48}.RelWithDebInfo|x64.ActiveCfg = RelWithDebInfo|x64
		{63BCD82A-E356-3E98-908A-ED92695B4D48}.RelWithDebInfo|x64.Build.0 = RelWithDebInfo|x64
		{525BFF0F-61D9-3A8A-8D0D-535DE782BDA8}.Debug|x64.ActiveCfg = Debug|x64
		{525BFF0F-61D9-3A8A-8D0D-535DE782BDA8}.Debug|x64.Build.0 = Debug|x64
		{525BFF0F-61D9-3A8A-8D0D-535DE782BDA8}.Release|x64.ActiveCfg = Release|x64
		{525BFF0F-61D9-3A8A-8D0D-535DE782BDA8}.Release|x64.Build.0 = Release|x64
		{525BFF0F-61D9-3A8A-8D0D-535DE782BDA8}.MinSizeRel|x64.ActiveCfg = MinSizeRel|x64
		{525BFF0F-61D9-3A8A-8D0D-535DE782BDA8}.MinSizeRel|x64.Build.0 = MinSizeRel|x64
		{525BFF0F-61D9-3A8A-8D0D-535DE782BDA8}.RelWithDebInfo|x64.ActiveCfg = RelWithDebInfo|x64
		{525BFF0F-61D9-3A8A-8D0D-535DE782BDA8}.RelWithDebInfo|x64.Build.0 = RelWithDebInfo|x64
		{D59896DA-809E-320B-A0D3-4364682972E2}.Debug|x64.ActiveCfg = Debug|x64
		{D59896DA-809E-320B-A0D3-4364682972E2}.Debug|x64.Build.0 = Debug|x64
		{D59896DA-809E-320B-A0D3-4364682972E2}.Release|x64.ActiveCfg = Release|x64
		{D59896DA-809E-320B-A0D3-4364682972E2}.Release|x64.Build.0 = Release|x64
		{D59896DA-809E-320B-A0D3-4364682972E2}.MinSizeRel|x64.ActiveCfg = MinSizeRel|x64
		{D59896DA-809E-320B-A0D3-4364682972E2}.MinSizeRel|x64.Build.0 = MinSizeRel|x64
		{D59896DA-809E-320B-A0D3-4364682972E2}.RelWithDebInfo|x64.ActiveCfg = RelWithDebInfo|x64
		{D59896DA-809E-320B-A0D3-4364682972E2}.RelWithDebInfo|x64.Build.0 = RelWithDebInfo|x64
		{FC857663-D402-32DE-8AA3-1AD60F36701F}.Debug|x64.ActiveCfg = Debug|x64
		{FC857663-D402-32DE-8AA3-1AD60F36701F}.Release|x64.ActiveCfg = Release|x64
		{FC857663-D402-32DE-8AA3-1AD60F36701F}.MinSizeRel|x64.ActiveCfg = MinSizeRel|x64
		{FC857663-D402-32DE-8AA3-1AD60F36701F}.RelWithDebInfo|x64.ActiveCfg = RelWithDebInfo|x64
		{CE5B326D-2B3C-301A-9C36-329E2C14F571}.Debug|x64.ActiveCfg = Debug|x64
		{CE5B326D-2B3C-301A-9C36-329E2C14F571}.Debug|x64.Build.0 = Debug|x64
		{CE5B326D-2B3C-301A-9C36-329E2C14F571}.Release|x64.ActiveCfg = Release|x64
		{CE5B326D-2B3C-301A-9C36-329E2C14F571}.Release|x64.Build.0 = Release|x64
		{CE5B326D-2B3C-301A-9C36-329E2C14F571}.MinSizeRel|x64.ActiveCfg = MinSizeRel|x64
		{CE5B326D-2B3C-301A-9C36-329E2C14F571}.MinSizeRel|x64.Build.0 = MinSizeRel|x64
		{CE5B326D-2B3C-301A-9C36-329E2C14F571}.RelWithDebInfo|x64.ActiveCfg = RelWithDebInfo|x64
		{CE5B326D-2B3C-301A-9C36-329E2C14F571}.RelWithDebInfo|x64.Build.0 = RelWithDebInfo|x64
		{46BB6072-C250-3125-9342-9E464A6B8349}.Debug|x64.ActiveCfg = Debug|x64
		{46BB6072-C250-3125-9342-9E464A6B8349}.Release|x64.ActiveCfg = Release|x64
		{46BB6072-C250-3125-9342-9E464A6B8349}.MinSizeRel|x64.ActiveCfg = MinSizeRel|x64
		{46BB6072-C250-3125-9342-9E464A6B8349}.RelWithDebInfo|x64.ActiveCfg = RelWithDebInfo|x64
	EndGlobalSection
	GlobalSection(NestedProjects) = preSolution
		{E5B83BC9-6AA3-399C-8262-1AB43B88E163} = {2D1FBF80-C3A1-3FB9-97D7-E99B6CBD1522}
		{D4029AF8-2468-3481-A28A-23DEA58CDAA2} = {2D1FBF80-C3A1-3FB9-97D7-E99B6CBD1522}
		{EC303D4D-9F34-3CD5-A617-B53E32B589CE} = {74ABE609-DBDD-329C-9EE7-7382799F436C}
		{46BB6072-C250-3125-9342-9E464A6B8349} = {74ABE609-DBDD-329C-9EE7-7382799F436C}
	EndGlobalSection
	GlobalSection(ExtensibilityGlobals) = postSolution
		SolutionGuid = {DDD168C2-A1A9-30DA-9C11-13310FCF920C}
	EndGlobalSection
	GlobalSection(ExtensibilityAddIns) = postSolution
	EndGlobalSection
EndGlobal
